
Microsoft Visual Studio Solution File, Format Version 12.00
# Visual Studio Version 16
VisualStudioVersion = 16.0.30104.148
MinimumVisualStudioVersion = 10.0.40219.1
Project("{FAE04EC0-301F-11D3-BF4B-00C04F79EFBC}") = "ActivityRetriever", "ActivityRetriever.csproj", "{1DFC73A4-06D8-4628-A54D-BAAF9D4E7DFA}"
EndProject
Project("{FAE04EC0-301F-11D3-BF4B-00C04F79EFBC}") = "UnitTests", "..\UnitTests\UnitTests.csproj", "{99180DE1-12D7-4755-AFEC-2B0E2222B085}"
EndProject
Global
	GlobalSection(SolutionConfigurationPlatforms) = preSolution
		Debug|Any CPU = Debug|Any CPU
		Release|Any CPU = Release|Any CPU
	EndGlobalSection
	GlobalSection(ProjectConfigurationPlatforms) = postSolution
		{1DFC73A4-06D8-4628-A54D-BAAF9D4E7DFA}.Debug|Any CPU.ActiveCfg = Debug|Any CPU
		{1DFC73A4-06D8-4628-A54D-BAAF9D4E7DFA}.Debug|Any CPU.Build.0 = Debug|Any CPU
		{1DFC73A4-06D8-4628-A54D-BAAF9D4E7DFA}.Release|Any CPU.ActiveCfg = Release|Any CPU
		{1DFC73A4-06D8-4628-A54D-BAAF9D4E7DFA}.Release|Any CPU.Build.0 = Release|Any CPU
		{99180DE1-12D7-4755-AFEC-2B0E2222B085}.Debug|Any CPU.ActiveCfg = Debug|Any CPU
		{99180DE1-12D7-4755-AFEC-2B0E2222B085}.Debug|Any CPU.Build.0 = Debug|Any CPU
		{99180DE1-12D7-4755-AFEC-2B0E2222B085}.Release|Any CPU.ActiveCfg = Release|Any CPU
		{99180DE1-12D7-4755-AFEC-2B0E2222B085}.Release|Any CPU.Build.0 = Release|Any CPU
	EndGlobalSection
	GlobalSection(SolutionProperties) = preSolution
		HideSolutionNode = FALSE
	EndGlobalSection
	GlobalSection(ExtensibilityGlobals) = postSolution
		SolutionGuid = {1FD981F5-D65D-4DBF-AA6B-88B60AAAEF3A}
	EndGlobalSection
EndGlobal
